
Microsoft Visual Studio Solution File, Format Version 11.00
# Visual Studio 2010
Project("{FAE04EC0-301F-11D3-BF4B-00C04F79EFBC}") = "umbraco.controls", "umbraco.controls.csproj", "{6EDD2061-82F2-461B-BB6E-879245A832DE}"
EndProject
Global
	GlobalSection(SolutionConfigurationPlatforms) = preSolution
		Debug|Any CPU = Debug|Any CPU
		Release|Any CPU = Release|Any CPU
	EndGlobalSection
	GlobalSection(ProjectConfigurationPlatforms) = postSolution
		{6EDD2061-82F2-461B-BB6E-879245A832DE}.Debug|Any CPU.ActiveCfg = Debug|Any CPU
		{6EDD2061-82F2-461B-BB6E-879245A832DE}.Debug|Any CPU.Build.0 = Debug|Any CPU
		{6EDD2061-82F2-461B-BB6E-879245A832DE}.Release|Any CPU.ActiveCfg = Release|Any CPU
		{6EDD2061-82F2-461B-BB6E-879245A832DE}.Release|Any CPU.Build.0 = Release|Any CPU
	EndGlobalSection
	GlobalSection(MonoDevelopProperties) = preSolution
		StartupItem = umbraco.controls.csproj
	EndGlobalSection
EndGlobal
